
Microsoft Visual Studio Solution File, Format Version 12.00
# Visual Studio Version 17
VisualStudioVersion = 17.7.34031.279
MinimumVisualStudioVersion = 10.0.40219.1
Project("{FAE04EC0-301F-11D3-BF4B-00C04F79EFBC}") = "UsersApp", "UsersApp\UsersApp.csproj", "{56367B86-F8F3-4963-A264-5243F7FA4BCF}"
EndProject
Global
	GlobalSection(SolutionConfigurationPlatforms) = preSolution
		Debug|Any CPU = Debug|Any CPU
		Release|Any CPU = Release|Any CPU
	EndGlobalSection
	GlobalSection(ProjectConfigurationPlatforms) = postSolution
		{56367B86-F8F3-4963-A264-5243F7FA4BCF}.Debug|Any CPU.ActiveCfg = Debug|Any CPU
		{56367B86-F8F3-4963-A264-5243F7FA4BCF}.Debug|Any CPU.Build.0 = Debug|Any CPU
		{56367B86-F8F3-4963-A264-5243F7FA4BCF}.Release|Any CPU.ActiveCfg = Release|Any CPU
		{56367B86-F8F3-4963-A264-5243F7FA4BCF}.Release|Any CPU.Build.0 = Release|Any CPU
	EndGlobalSection
	GlobalSection(SolutionProperties) = preSolution
		HideSolutionNode = FALSE
	EndGlobalSection
	GlobalSection(ExtensibilityGlobals) = postSolution
		SolutionGuid = {1D5F4046-23AA-41FC-8850-7B3F74D11E6F}
	EndGlobalSection
EndGlobal
